{
  "version": 4,
  "terraform_version": "1.13.2",
  "serial": 18,
  "lineage": "13d4a036-2083-1468-e5dd-8686ac5a3b17",
  "outputs": {},
  "resources": [
    {
      "mode": "managed",
      "type": "vault_auth_backend",
      "name": "userpass",
      "provider": "provider[\"registry.terraform.io/hashicorp/vault\"]",
      "instances": [
        {
          "schema_version": 1,
          "attributes": {
            "accessor": "auth_userpass_a8a92528",
            "description": "",
            "disable_remount": false,
            "id": "userpass",
            "identity_token_key": null,
            "local": false,
            "namespace": null,
            "path": "userpass",
            "tune": [],
            "type": "userpass"
          },
          "sensitive_attributes": [],
          "identity_schema_version": 0,
          "private": "eyJzY2hlbWFfdmVyc2lvbiI6IjEifQ=="
        }
      ]
    },
    {
      "mode": "managed",
      "type": "vault_generic_endpoint",
      "name": "daniel-user",
      "provider": "provider[\"registry.terraform.io/hashicorp/vault\"]",
      "instances": [
        {
          "schema_version": 1,
          "attributes": {
            "data_json": "{\"password\":\"Qwop1290\",\"token_policies\":[\"default\",\"admin\"]}",
            "disable_delete": false,
            "disable_read": false,
            "id": "auth/userpass/users/daniel",
            "ignore_absent_fields": true,
            "namespace": null,
            "path": "auth/userpass/users/daniel",
            "write_data": {},
            "write_data_json": "null",
            "write_fields": null
          },
          "sensitive_attributes": [
            [
              {
                "type": "get_attr",
                "value": "data_json"
              }
            ]
          ],
          "identity_schema_version": 0,
          "private": "eyJzY2hlbWFfdmVyc2lvbiI6IjEifQ==",
          "dependencies": [
            "vault_auth_backend.userpass"
          ]
        }
      ]
    },
    {
      "mode": "managed",
      "type": "vault_generic_endpoint",
      "name": "dlavalli-user",
      "provider": "provider[\"registry.terraform.io/hashicorp/vault\"]",
      "instances": [
        {
          "schema_version": 1,
          "attributes": {
            "data_json": "{\"password\":\"Qwop1290\",\"token_policies\":[\"default\",\"admin\"]}",
            "disable_delete": false,
            "disable_read": false,
            "id": "auth/userpass/users/dlavalli",
            "ignore_absent_fields": true,
            "namespace": null,
            "path": "auth/userpass/users/dlavalli",
            "write_data": {},
            "write_data_json": "null",
            "write_fields": null
          },
          "sensitive_attributes": [
            [
              {
                "type": "get_attr",
                "value": "data_json"
              }
            ]
          ],
          "identity_schema_version": 0,
          "private": "eyJzY2hlbWFfdmVyc2lvbiI6IjEifQ==",
          "dependencies": [
            "vault_auth_backend.userpass"
          ]
        }
      ]
    },
    {
      "mode": "managed",
      "type": "vault_github_auth_backend",
      "name": "github",
      "provider": "provider[\"registry.terraform.io/hashicorp/vault\"]",
      "instances": [
        {
          "schema_version": 1,
          "attributes": {
            "accessor": "auth_github_50aa792e",
            "base_url": "",
            "description": "",
            "disable_remount": false,
            "id": "auth/github",
            "namespace": null,
            "organization": "DLActionableArena",
            "organization_id": 214117228,
            "path": "auth/github",
            "token_bound_cidrs": [],
            "token_explicit_max_ttl": 0,
            "token_max_ttl": 0,
            "token_no_default_policy": false,
            "token_num_uses": 0,
            "token_period": 0,
            "token_policies": [],
            "token_ttl": 0,
            "token_type": "default",
            "tune": [
              {
                "allowed_response_headers": [],
                "audit_non_hmac_request_keys": [],
                "audit_non_hmac_response_keys": [],
                "default_lease_ttl": "768h",
                "listing_visibility": "",
                "max_lease_ttl": "768h",
                "passthrough_request_headers": [],
                "token_type": "default-service"
              }
            ]
          },
          "sensitive_attributes": [],
          "identity_schema_version": 0,
          "private": "eyJzY2hlbWFfdmVyc2lvbiI6IjEifQ=="
        }
      ]
    }
  ],
  "check_results": null
}
